
Microsoft Visual Studio Solution File, Format Version 12.00
# Visual Studio Version 17
VisualStudioVersion = 17.13.35818.85
MinimumVisualStudioVersion = 10.0.40219.1
Project("{FAE04EC0-301F-11D3-BF4B-00C04F79EFBC}") = "AlwaysMoveForward.Common", "..\..\AlwaysMoveForward\src\Common\AlwaysMoveForward.Common\AlwaysMoveForward.Common.csproj", "{42F14647-C78F-7CA4-04E7-7223E34C8BAC}"
EndProject
Project("{FAE04EC0-301F-11D3-BF4B-00C04F79EFBC}") = "AlwaysMoveForward.Common.DataLayer.EntityFramework", "..\..\AlwaysMoveForward\src\Common\DataLayer.EntityFramework\AlwaysMoveForward.Common.DataLayer.EntityFramework.csproj", "{4F2AEFB0-2911-E82B-4754-7BF3B01D565D}"
EndProject
Project("{FAE04EC0-301F-11D3-BF4B-00C04F79EFBC}") = "AlwaysMoveForward.AnotherBlog.Common", "Common\AlwaysMoveForward.AnotherBlog.Common.csproj", "{D3EA8E23-1088-33E6-70D4-2038BE7DFBFA}"
EndProject
Project("{FAE04EC0-301F-11D3-BF4B-00C04F79EFBC}") = "AlwaysMoveForward.AnotherBlog.BusinessLayer", "BusinessLayer\AlwaysMoveForward.AnotherBlog.BusinessLayer.csproj", "{D71FF22F-6AE8-63E5-5E75-F73050829466}"
EndProject
Project("{FAE04EC0-301F-11D3-BF4B-00C04F79EFBC}") = "AlwaysMoveForward.AnotherBlog.Web", "Web\AlwaysMoveForward.AnotherBlog.Web.csproj", "{5C74067B-56FA-7253-62FE-C3D036F79F61}"
EndProject
Project("{FAE04EC0-301F-11D3-BF4B-00C04F79EFBC}") = "AlwaysMoveForward.AnotherBlog.DataLayer.EntityFramework", "DataLayer.EntityFramework\AlwaysMoveForward.AnotherBlog.DataLayer.EntityFramework.csproj", "{55522D0C-B7E6-D2CC-4DBE-0CF4A9A18D23}"
EndProject
Global
	GlobalSection(SolutionConfigurationPlatforms) = preSolution
		Debug|Any CPU = Debug|Any CPU
		Debug|Mixed Platforms = Debug|Mixed Platforms
		Debug|x86 = Debug|x86
		Release|Any CPU = Release|Any CPU
		Release|Mixed Platforms = Release|Mixed Platforms
		Release|x86 = Release|x86
	EndGlobalSection
	GlobalSection(ProjectConfigurationPlatforms) = postSolution
		{42F14647-C78F-7CA4-04E7-7223E34C8BAC}.Debug|Any CPU.ActiveCfg = Debug|Any CPU
		{42F14647-C78F-7CA4-04E7-7223E34C8BAC}.Debug|Any CPU.Build.0 = Debug|Any CPU
		{42F14647-C78F-7CA4-04E7-7223E34C8BAC}.Debug|Mixed Platforms.ActiveCfg = Debug|Any CPU
		{42F14647-C78F-7CA4-04E7-7223E34C8BAC}.Debug|Mixed Platforms.Build.0 = Debug|Any CPU
		{42F14647-C78F-7CA4-04E7-7223E34C8BAC}.Debug|x86.ActiveCfg = Debug|Any CPU
		{42F14647-C78F-7CA4-04E7-7223E34C8BAC}.Debug|x86.Build.0 = Debug|Any CPU
		{42F14647-C78F-7CA4-04E7-7223E34C8BAC}.Release|Any CPU.ActiveCfg = Release|Any CPU
		{42F14647-C78F-7CA4-04E7-7223E34C8BAC}.Release|Any CPU.Build.0 = Release|Any CPU
		{42F14647-C78F-7CA4-04E7-7223E34C8BAC}.Release|Mixed Platforms.ActiveCfg = Release|Any CPU
		{42F14647-C78F-7CA4-04E7-7223E34C8BAC}.Release|Mixed Platforms.Build.0 = Release|Any CPU
		{42F14647-C78F-7CA4-04E7-7223E34C8BAC}.Release|x86.ActiveCfg = Release|Any CPU
		{42F14647-C78F-7CA4-04E7-7223E34C8BAC}.Release|x86.Build.0 = Release|Any CPU
		{4F2AEFB0-2911-E82B-4754-7BF3B01D565D}.Debug|Any CPU.ActiveCfg = Debug|Any CPU
		{4F2AEFB0-2911-E82B-4754-7BF3B01D565D}.Debug|Any CPU.Build.0 = Debug|Any CPU
		{4F2AEFB0-2911-E82B-4754-7BF3B01D565D}.Debug|Mixed Platforms.ActiveCfg = Debug|Any CPU
		{4F2AEFB0-2911-E82B-4754-7BF3B01D565D}.Debug|Mixed Platforms.Build.0 = Debug|Any CPU
		{4F2AEFB0-2911-E82B-4754-7BF3B01D565D}.Debug|x86.ActiveCfg = Debug|Any CPU
		{4F2AEFB0-2911-E82B-4754-7BF3B01D565D}.Debug|x86.Build.0 = Debug|Any CPU
		{4F2AEFB0-2911-E82B-4754-7BF3B01D565D}.Release|Any CPU.ActiveCfg = Release|Any CPU
		{4F2AEFB0-2911-E82B-4754-7BF3B01D565D}.Release|Any CPU.Build.0 = Release|Any CPU
		{4F2AEFB0-2911-E82B-4754-7BF3B01D565D}.Release|Mixed Platforms.ActiveCfg = Release|Any CPU
		{4F2AEFB0-2911-E82B-4754-7BF3B01D565D}.Release|Mixed Platforms.Build.0 = Release|Any CPU
		{4F2AEFB0-2911-E82B-4754-7BF3B01D565D}.Release|x86.ActiveCfg = Release|Any CPU
		{4F2AEFB0-2911-E82B-4754-7BF3B01D565D}.Release|x86.Build.0 = Release|Any CPU
		{D3EA8E23-1088-33E6-70D4-2038BE7DFBFA}.Debug|Any CPU.ActiveCfg = Debug|Any CPU
		{D3EA8E23-1088-33E6-70D4-2038BE7DFBFA}.Debug|Any CPU.Build.0 = Debug|Any CPU
		{D3EA8E23-1088-33E6-70D4-2038BE7DFBFA}.Debug|Mixed Platforms.ActiveCfg = Debug|Any CPU
		{D3EA8E23-1088-33E6-70D4-2038BE7DFBFA}.Debug|Mixed Platforms.Build.0 = Debug|Any CPU
		{D3EA8E23-1088-33E6-70D4-2038BE7DFBFA}.Debug|x86.ActiveCfg = Debug|Any CPU
		{D3EA8E23-1088-33E6-70D4-2038BE7DFBFA}.Debug|x86.Build.0 = Debug|Any CPU
		{D3EA8E23-1088-33E6-70D4-2038BE7DFBFA}.Release|Any CPU.ActiveCfg = Release|Any CPU
		{D3EA8E23-1088-33E6-70D4-2038BE7DFBFA}.Release|Any CPU.Build.0 = Release|Any CPU
		{D3EA8E23-1088-33E6-70D4-2038BE7DFBFA}.Release|Mixed Platforms.ActiveCfg = Release|Any CPU
		{D3EA8E23-1088-33E6-70D4-2038BE7DFBFA}.Release|Mixed Platforms.Build.0 = Release|Any CPU
		{D3EA8E23-1088-33E6-70D4-2038BE7DFBFA}.Release|x86.ActiveCfg = Release|Any CPU
		{D3EA8E23-1088-33E6-70D4-2038BE7DFBFA}.Release|x86.Build.0 = Release|Any CPU
		{D71FF22F-6AE8-63E5-5E75-F73050829466}.Debug|Any CPU.ActiveCfg = Debug|Any CPU
		{D71FF22F-6AE8-63E5-5E75-F73050829466}.Debug|Any CPU.Build.0 = Debug|Any CPU
		{D71FF22F-6AE8-63E5-5E75-F73050829466}.Debug|Mixed Platforms.ActiveCfg = Debug|Any CPU
		{D71FF22F-6AE8-63E5-5E75-F73050829466}.Debug|Mixed Platforms.Build.0 = Debug|Any CPU
		{D71FF22F-6AE8-63E5-5E75-F73050829466}.Debug|x86.ActiveCfg = Debug|Any CPU
		{D71FF22F-6AE8-63E5-5E75-F73050829466}.Debug|x86.Build.0 = Debug|Any CPU
		{D71FF22F-6AE8-63E5-5E75-F73050829466}.Release|Any CPU.ActiveCfg = Release|Any CPU
		{D71FF22F-6AE8-63E5-5E75-F73050829466}.Release|Any CPU.Build.0 = Release|Any CPU
		{D71FF22F-6AE8-63E5-5E75-F73050829466}.Release|Mixed Platforms.ActiveCfg = Release|Any CPU
		{D71FF22F-6AE8-63E5-5E75-F73050829466}.Release|Mixed Platforms.Build.0 = Release|Any CPU
		{D71FF22F-6AE8-63E5-5E75-F73050829466}.Release|x86.ActiveCfg = Release|Any CPU
		{D71FF22F-6AE8-63E5-5E75-F73050829466}.Release|x86.Build.0 = Release|Any CPU
		{5C74067B-56FA-7253-62FE-C3D036F79F61}.Debug|Any CPU.ActiveCfg = Debug|Any CPU
		{5C74067B-56FA-7253-62FE-C3D036F79F61}.Debug|Any CPU.Build.0 = Debug|Any CPU
		{5C74067B-56FA-7253-62FE-C3D036F79F61}.Debug|Mixed Platforms.ActiveCfg = Debug|Any CPU
		{5C74067B-56FA-7253-62FE-C3D036F79F61}.Debug|Mixed Platforms.Build.0 = Debug|Any CPU
		{5C74067B-56FA-7253-62FE-C3D036F79F61}.Debug|x86.ActiveCfg = Debug|Any CPU
		{5C74067B-56FA-7253-62FE-C3D036F79F61}.Debug|x86.Build.0 = Debug|Any CPU
		{5C74067B-56FA-7253-62FE-C3D036F79F61}.Release|Any CPU.ActiveCfg = Release|Any CPU
		{5C74067B-56FA-7253-62FE-C3D036F79F61}.Release|Any CPU.Build.0 = Release|Any CPU
		{5C74067B-56FA-7253-62FE-C3D036F79F61}.Release|Mixed Platforms.ActiveCfg = Release|Any CPU
		{5C74067B-56FA-7253-62FE-C3D036F79F61}.Release|Mixed Platforms.Build.0 = Release|Any CPU
		{5C74067B-56FA-7253-62FE-C3D036F79F61}.Release|x86.ActiveCfg = Release|Any CPU
		{5C74067B-56FA-7253-62FE-C3D036F79F61}.Release|x86.Build.0 = Release|Any CPU
		{55522D0C-B7E6-D2CC-4DBE-0CF4A9A18D23}.Debug|Any CPU.ActiveCfg = Debug|Any CPU
		{55522D0C-B7E6-D2CC-4DBE-0CF4A9A18D23}.Debug|Any CPU.Build.0 = Debug|Any CPU
		{55522D0C-B7E6-D2CC-4DBE-0CF4A9A18D23}.Debug|Mixed Platforms.ActiveCfg = Debug|Any CPU
		{55522D0C-B7E6-D2CC-4DBE-0CF4A9A18D23}.Debug|Mixed Platforms.Build.0 = Debug|Any CPU
		{55522D0C-B7E6-D2CC-4DBE-0CF4A9A18D23}.Debug|x86.ActiveCfg = Debug|Any CPU
		{55522D0C-B7E6-D2CC-4DBE-0CF4A9A18D23}.Debug|x86.Build.0 = Debug|Any CPU
		{55522D0C-B7E6-D2CC-4DBE-0CF4A9A18D23}.Release|Any CPU.ActiveCfg = Release|Any CPU
		{55522D0C-B7E6-D2CC-4DBE-0CF4A9A18D23}.Release|Any CPU.Build.0 = Release|Any CPU
		{55522D0C-B7E6-D2CC-4DBE-0CF4A9A18D23}.Release|Mixed Platforms.ActiveCfg = Release|Any CPU
		{55522D0C-B7E6-D2CC-4DBE-0CF4A9A18D23}.Release|Mixed Platforms.Build.0 = Release|Any CPU
		{55522D0C-B7E6-D2CC-4DBE-0CF4A9A18D23}.Release|x86.ActiveCfg = Release|Any CPU
		{55522D0C-B7E6-D2CC-4DBE-0CF4A9A18D23}.Release|x86.Build.0 = Release|Any CPU
	EndGlobalSection
	GlobalSection(SolutionProperties) = preSolution
		HideSolutionNode = FALSE
	EndGlobalSection
	GlobalSection(ExtensibilityGlobals) = postSolution
		SolutionGuid = {A1EA4362-1A7C-48D9-8D82-A49BFC260394}
	EndGlobalSection
EndGlobal
